
Microsoft Visual Studio Solution File, Format Version 12.00
# Visual Studio Version 17
VisualStudioVersion = 17.2.32526.322
MinimumVisualStudioVersion = 10.0.40219.1
Project("{FAE04EC0-301F-11D3-BF4B-00C04F79EFBC}") = "BlazingTrails.Client", "BlazingTrails.Client\BlazingTrails.Client.csproj", "{91D2102A-0B4D-49C1-AD02-29439B04B3E8}"
EndProject
Global
	GlobalSection(SolutionConfigurationPlatforms) = preSolution
		Debug|Any CPU = Debug|Any CPU
		Release|Any CPU = Release|Any CPU
	EndGlobalSection
	GlobalSection(ProjectConfigurationPlatforms) = postSolution
		{91D2102A-0B4D-49C1-AD02-29439B04B3E8}.Debug|Any CPU.ActiveCfg = Debug|Any CPU
		{91D2102A-0B4D-49C1-AD02-29439B04B3E8}.Debug|Any CPU.Build.0 = Debug|Any CPU
		{91D2102A-0B4D-49C1-AD02-29439B04B3E8}.Release|Any CPU.ActiveCfg = Release|Any CPU
		{91D2102A-0B4D-49C1-AD02-29439B04B3E8}.Release|Any CPU.Build.0 = Release|Any CPU
	EndGlobalSection
	GlobalSection(SolutionProperties) = preSolution
		HideSolutionNode = FALSE
	EndGlobalSection
	GlobalSection(ExtensibilityGlobals) = postSolution
		SolutionGuid = {6BC34956-8997-4046-97F3-7E9AC22D40D8}
	EndGlobalSection
EndGlobal
